
Microsoft Visual Studio Solution File, Format Version 12.00
# Visual Studio 15
VisualStudioVersion = 15.0.26124.0
MinimumVisualStudioVersion = 15.0.26124.0
Project("{9A19103F-16F7-4668-BE54-9A1E7A4F7556}") = "Isogram.Tests", "Isogram.Tests\Isogram.Tests.csproj", "{40DB21FB-8160-47AB-A86B-2F2AD2836B58}"
EndProject
Project("{9A19103F-16F7-4668-BE54-9A1E7A4F7556}") = "Isogram", "Isogram\Isogram.csproj", "{C823260B-A43E-4E29-806A-A9686B222506}"
EndProject
Global
	GlobalSection(SolutionConfigurationPlatforms) = preSolution
		Debug|Any CPU = Debug|Any CPU
		Debug|x64 = Debug|x64
		Debug|x86 = Debug|x86
		Release|Any CPU = Release|Any CPU
		Release|x64 = Release|x64
		Release|x86 = Release|x86
	EndGlobalSection
	GlobalSection(ProjectConfigurationPlatforms) = postSolution
		{40DB21FB-8160-47AB-A86B-2F2AD2836B58}.Debug|Any CPU.ActiveCfg = Debug|Any CPU
		{40DB21FB-8160-47AB-A86B-2F2AD2836B58}.Debug|Any CPU.Build.0 = Debug|Any CPU
		{40DB21FB-8160-47AB-A86B-2F2AD2836B58}.Debug|x64.ActiveCfg = Debug|Any CPU
		{40DB21FB-8160-47AB-A86B-2F2AD2836B58}.Debug|x64.Build.0 = Debug|Any CPU
		{40DB21FB-8160-47AB-A86B-2F2AD2836B58}.Debug|x86.ActiveCfg = Debug|Any CPU
		{40DB21FB-8160-47AB-A86B-2F2AD2836B58}.Debug|x86.Build.0 = Debug|Any CPU
		{40DB21FB-8160-47AB-A86B-2F2AD2836B58}.Release|Any CPU.ActiveCfg = Release|Any CPU
		{40DB21FB-8160-47AB-A86B-2F2AD2836B58}.Release|Any CPU.Build.0 = Release|Any CPU
		{40DB21FB-8160-47AB-A86B-2F2AD2836B58}.Release|x64.ActiveCfg = Release|Any CPU
		{40DB21FB-8160-47AB-A86B-2F2AD2836B58}.Release|x64.Build.0 = Release|Any CPU
		{40DB21FB-8160-47AB-A86B-2F2AD2836B58}.Release|x86.ActiveCfg = Release|Any CPU
		{40DB21FB-8160-47AB-A86B-2F2AD2836B58}.Release|x86.Build.0 = Release|Any CPU
		{C823260B-A43E-4E29-806A-A9686B222506}.Debug|Any CPU.ActiveCfg = Debug|Any CPU
		{C823260B-A43E-4E29-806A-A9686B222506}.Debug|Any CPU.Build.0 = Debug|Any CPU
		{C823260B-A43E-4E29-806A-A9686B222506}.Debug|x64.ActiveCfg = Debug|Any CPU
		{C823260B-A43E-4E29-806A-A9686B222506}.Debug|x64.Build.0 = Debug|Any CPU
		{C823260B-A43E-4E29-806A-A9686B222506}.Debug|x86.ActiveCfg = Debug|Any CPU
		{C823260B-A43E-4E29-806A-A9686B222506}.Debug|x86.Build.0 = Debug|Any CPU
		{C823260B-A43E-4E29-806A-A9686B222506}.Release|Any CPU.ActiveCfg = Release|Any CPU
		{C823260B-A43E-4E29-806A-A9686B222506}.Release|Any CPU.Build.0 = Release|Any CPU
		{C823260B-A43E-4E29-806A-A9686B222506}.Release|x64.ActiveCfg = Release|Any CPU
		{C823260B-A43E-4E29-806A-A9686B222506}.Release|x64.Build.0 = Release|Any CPU
		{C823260B-A43E-4E29-806A-A9686B222506}.Release|x86.ActiveCfg = Release|Any CPU
		{C823260B-A43E-4E29-806A-A9686B222506}.Release|x86.Build.0 = Release|Any CPU
	EndGlobalSection
	GlobalSection(SolutionProperties) = preSolution
		HideSolutionNode = FALSE
	EndGlobalSection
	GlobalSection(ExtensibilityGlobals) = postSolution
		SolutionGuid = {F5974E65-BC95-4425-9005-AE014DCA0BE9}
	EndGlobalSection
EndGlobal
